
Microsoft Visual Studio Solution File, Format Version 12.00
# Visual Studio Version 17
VisualStudioVersion = 17.5.33502.453
MinimumVisualStudioVersion = 10.0.40219.1
Project("{9A19103F-16F7-4668-BE54-9A1E7A4F7556}") = "DemoApp", "DemoApp\DemoApp.csproj", "{F3DBC839-B4CB-4381-A89E-77D9DDB49AF9}"
EndProject
Global
	GlobalSection(SolutionConfigurationPlatforms) = preSolution
		Debug|Any CPU = Debug|Any CPU
		Release|Any CPU = Release|Any CPU
	EndGlobalSection
	GlobalSection(ProjectConfigurationPlatforms) = postSolution
		{F3DBC839-B4CB-4381-A89E-77D9DDB49AF9}.Debug|Any CPU.ActiveCfg = Debug|Any CPU
		{F3DBC839-B4CB-4381-A89E-77D9DDB49AF9}.Debug|Any CPU.Build.0 = Debug|Any CPU
		{F3DBC839-B4CB-4381-A89E-77D9DDB49AF9}.Release|Any CPU.ActiveCfg = Release|Any CPU
		{F3DBC839-B4CB-4381-A89E-77D9DDB49AF9}.Release|Any CPU.Build.0 = Release|Any CPU
	EndGlobalSection
	GlobalSection(SolutionProperties) = preSolution
		HideSolutionNode = FALSE
	EndGlobalSection
	GlobalSection(ExtensibilityGlobals) = postSolution
		SolutionGuid = {2D10A52E-CF81-4D6E-AC3C-55FC53300CD8}
	EndGlobalSection
EndGlobal
